
Microsoft Visual Studio Solution File, Format Version 12.00
# Visual Studio Version 17
VisualStudioVersion = 17.7.34024.191
MinimumVisualStudioVersion = 10.0.40219.1
Project("{9A19103F-16F7-4668-BE54-9A1E7A4F7556}") = "comp3931Project", "comp3931Project\comp3931Project.csproj", "{12450306-C0D4-4AE8-832D-E663DF4293DE}"
EndProject
Project("{8BC9CEB8-8B4A-11D0-8D11-00A0C91BC942}") = "convolution", "dft\dft.vcxproj", "{105FE2C6-529F-4C59-869E-41A927BE1FAE}"
EndProject
Global
	GlobalSection(SolutionConfigurationPlatforms) = preSolution
		Debug|Any CPU = Debug|Any CPU
		Debug|x64 = Debug|x64
		Debug|x86 = Debug|x86
		Release|Any CPU = Release|Any CPU
		Release|x64 = Release|x64
		Release|x86 = Release|x86
	EndGlobalSection
	GlobalSection(ProjectConfigurationPlatforms) = postSolution
		{12450306-C0D4-4AE8-832D-E663DF4293DE}.Debug|Any CPU.ActiveCfg = Debug|Any CPU
		{12450306-C0D4-4AE8-832D-E663DF4293DE}.Debug|Any CPU.Build.0 = Debug|Any CPU
		{12450306-C0D4-4AE8-832D-E663DF4293DE}.Debug|x64.ActiveCfg = Debug|Any CPU
		{12450306-C0D4-4AE8-832D-E663DF4293DE}.Debug|x64.Build.0 = Debug|Any CPU
		{12450306-C0D4-4AE8-832D-E663DF4293DE}.Debug|x86.ActiveCfg = Debug|x86
		{12450306-C0D4-4AE8-832D-E663DF4293DE}.Debug|x86.Build.0 = Debug|x86
		{12450306-C0D4-4AE8-832D-E663DF4293DE}.Release|Any CPU.ActiveCfg = Release|Any CPU
		{12450306-C0D4-4AE8-832D-E663DF4293DE}.Release|Any CPU.Build.0 = Release|Any CPU
		{12450306-C0D4-4AE8-832D-E663DF4293DE}.Release|x64.ActiveCfg = Release|Any CPU
		{12450306-C0D4-4AE8-832D-E663DF4293DE}.Release|x64.Build.0 = Release|Any CPU
		{12450306-C0D4-4AE8-832D-E663DF4293DE}.Release|x86.ActiveCfg = Release|x86
		{12450306-C0D4-4AE8-832D-E663DF4293DE}.Release|x86.Build.0 = Release|x86
		{105FE2C6-529F-4C59-869E-41A927BE1FAE}.Debug|Any CPU.ActiveCfg = Debug|x64
		{105FE2C6-529F-4C59-869E-41A927BE1FAE}.Debug|x64.ActiveCfg = Debug|x64
		{105FE2C6-529F-4C59-869E-41A927BE1FAE}.Debug|x64.Build.0 = Debug|x64
		{105FE2C6-529F-4C59-869E-41A927BE1FAE}.Debug|x86.ActiveCfg = Debug|Win32
		{105FE2C6-529F-4C59-869E-41A927BE1FAE}.Debug|x86.Build.0 = Debug|Win32
		{105FE2C6-529F-4C59-869E-41A927BE1FAE}.Release|Any CPU.ActiveCfg = Release|x64
		{105FE2C6-529F-4C59-869E-41A927BE1FAE}.Release|Any CPU.Build.0 = Release|x64
		{105FE2C6-529F-4C59-869E-41A927BE1FAE}.Release|x64.ActiveCfg = Release|x64
		{105FE2C6-529F-4C59-869E-41A927BE1FAE}.Release|x64.Build.0 = Release|x64
		{105FE2C6-529F-4C59-869E-41A927BE1FAE}.Release|x86.ActiveCfg = Release|Win32
		{105FE2C6-529F-4C59-869E-41A927BE1FAE}.Release|x86.Build.0 = Release|Win32
	EndGlobalSection
	GlobalSection(SolutionProperties) = preSolution
		HideSolutionNode = FALSE
	EndGlobalSection
	GlobalSection(ExtensibilityGlobals) = postSolution
		SolutionGuid = {8B8A0017-D92E-4688-B87E-26FA462C0412}
	EndGlobalSection
EndGlobal
